
Microsoft Visual Studio Solution File, Format Version 12.00
# Visual Studio Version 16
VisualStudioVersion = 16.0.31424.327
MinimumVisualStudioVersion = 10.0.40219.1
Project("{FAE04EC0-301F-11D3-BF4B-00C04F79EFBC}") = "EsercizioGIT", "EsercizioGIT.csproj", "{30F0FD4E-5520-476F-9E05-DA9D045A5C5D}"
EndProject
Global
	GlobalSection(SolutionConfigurationPlatforms) = preSolution
		Debug|Any CPU = Debug|Any CPU
		Release|Any CPU = Release|Any CPU
	EndGlobalSection
	GlobalSection(ProjectConfigurationPlatforms) = postSolution
		{30F0FD4E-5520-476F-9E05-DA9D045A5C5D}.Debug|Any CPU.ActiveCfg = Debug|Any CPU
		{30F0FD4E-5520-476F-9E05-DA9D045A5C5D}.Debug|Any CPU.Build.0 = Debug|Any CPU
		{30F0FD4E-5520-476F-9E05-DA9D045A5C5D}.Release|Any CPU.ActiveCfg = Release|Any CPU
		{30F0FD4E-5520-476F-9E05-DA9D045A5C5D}.Release|Any CPU.Build.0 = Release|Any CPU
	EndGlobalSection
	GlobalSection(SolutionProperties) = preSolution
		HideSolutionNode = FALSE
	EndGlobalSection
	GlobalSection(ExtensibilityGlobals) = postSolution
		SolutionGuid = {E9110DE2-9107-4DA0-BD8A-1A3C53C4FACB}
	EndGlobalSection
EndGlobal
